
Microsoft Visual Studio Solution File, Format Version 12.00
# Visual Studio 14
VisualStudioVersion = 14.0.25420.1
MinimumVisualStudioVersion = 10.0.40219.1
Project("{FAE04EC0-301F-11D3-BF4B-00C04F79EFBC}") = "ColorProcesador", "ColorProcesador\ColorProcesador\ColorProcesador.csproj", "{1F3C4171-819A-4B1C-9515-092F32B8813A}"
EndProject
Project("{FAE04EC0-301F-11D3-BF4B-00C04F79EFBC}") = "ColorProcesador.Droid", "ColorProcesador\ColorProcesador.Droid\ColorProcesador.Droid.csproj", "{272EEF46-47A2-4236-824B-502BB0381316}"
EndProject
Project("{FAE04EC0-301F-11D3-BF4B-00C04F79EFBC}") = "ColorProcesador.iOS", "ColorProcesador\ColorProcesador.iOS\ColorProcesador.iOS.csproj", "{6FCC3A9F-D778-47A3-BFAD-A19D6DA90334}"
EndProject
Project("{FAE04EC0-301F-11D3-BF4B-00C04F79EFBC}") = "ColorProcesador.WinPhone", "ColorProcesador\ColorProcesador.WinPhone\ColorProcesador.WinPhone.csproj", "{F942E923-D769-46DB-8D08-22DFEE9B1AC0}"
EndProject
Project("{FAE04EC0-301F-11D3-BF4B-00C04F79EFBC}") = "ColorProcesador.UWP", "ColorProcesador\ColorProcesador.UWP\ColorProcesador.UWP.csproj", "{F3C7FEB6-319A-497E-B1F6-8EF095F59BFF}"
EndProject
Project("{FAE04EC0-301F-11D3-BF4B-00C04F79EFBC}") = "ColorProcesador.Windows", "ColorProcesador\ColorProcesador.Windows\ColorProcesador.Windows.csproj", "{FE4BA3CC-C5DB-4D93-8F28-49FCB0BC6968}"
EndProject
Global
	GlobalSection(SolutionConfigurationPlatforms) = preSolution
		Ad-Hoc|Any CPU = Ad-Hoc|Any CPU
		Ad-Hoc|ARM = Ad-Hoc|ARM
		Ad-Hoc|iPhone = Ad-Hoc|iPhone
		Ad-Hoc|iPhoneSimulator = Ad-Hoc|iPhoneSimulator
		Ad-Hoc|x64 = Ad-Hoc|x64
		Ad-Hoc|x86 = Ad-Hoc|x86
		AppStore|Any CPU = AppStore|Any CPU
		AppStore|ARM = AppStore|ARM
		AppStore|iPhone = AppStore|iPhone
		AppStore|iPhoneSimulator = AppStore|iPhoneSimulator
		AppStore|x64 = AppStore|x64
		AppStore|x86 = AppStore|x86
		Debug|Any CPU = Debug|Any CPU
		Debug|ARM = Debug|ARM
		Debug|iPhone = Debug|iPhone
		Debug|iPhoneSimulator = Debug|iPhoneSimulator
		Debug|x64 = Debug|x64
		Debug|x86 = Debug|x86
		Release|Any CPU = Release|Any CPU
		Release|ARM = Release|ARM
		Release|iPhone = Release|iPhone
		Release|iPhoneSimulator = Release|iPhoneSimulator
		Release|x64 = Release|x64
		Release|x86 = Release|x86
	EndGlobalSection
	GlobalSection(ProjectConfigurationPlatforms) = postSolution
		{1F3C4171-819A-4B1C-9515-092F32B8813A}.Ad-Hoc|Any CPU.ActiveCfg = Release|Any CPU
		{1F3C4171-819A-4B1C-9515-092F32B8813A}.Ad-Hoc|Any CPU.Build.0 = Release|Any CPU
		{1F3C4171-819A-4B1C-9515-092F32B8813A}.Ad-Hoc|ARM.ActiveCfg = Release|Any CPU
		{1F3C4171-819A-4B1C-9515-092F32B8813A}.Ad-Hoc|ARM.Build.0 = Release|Any CPU
		{1F3C4171-819A-4B1C-9515-092F32B8813A}.Ad-Hoc|iPhone.ActiveCfg = Release|Any CPU
		{1F3C4171-819A-4B1C-9515-092F32B8813A}.Ad-Hoc|iPhone.Build.0 = Release|Any CPU
		{1F3C4171-819A-4B1C-9515-092F32B8813A}.Ad-Hoc|iPhoneSimulator.ActiveCfg = Release|Any CPU
		{1F3C4171-819A-4B1C-9515-092F32B8813A}.Ad-Hoc|iPhoneSimulator.Build.0 = Release|Any CPU
		{1F3C4171-819A-4B1C-9515-092F32B8813A}.Ad-Hoc|x64.ActiveCfg = Release|Any CPU
		{1F3C4171-819A-4B1C-9515-092F32B8813A}.Ad-Hoc|x64.Build.0 = Release|Any CPU
		{1F3C4171-819A-4B1C-9515-092F32B8813A}.Ad-Hoc|x86.ActiveCfg = Release|Any CPU
		{1F3C4171-819A-4B1C-9515-092F32B8813A}.Ad-Hoc|x86.Build.0 = Release|Any CPU
		{1F3C4171-819A-4B1C-9515-092F32B8813A}.AppStore|Any CPU.ActiveCfg = Release|Any CPU
		{1F3C4171-819A-4B1C-9515-092F32B8813A}.AppStore|Any CPU.Build.0 = Release|Any CPU
		{1F3C4171-819A-4B1C-9515-092F32B8813A}.AppStore|ARM.ActiveCfg = Release|Any CPU
		{1F3C4171-819A-4B1C-9515-092F32B8813A}.AppStore|ARM.Build.0 = Release|Any CPU
		{1F3C4171-819A-4B1C-9515-092F32B8813A}.AppStore|iPhone.ActiveCfg = Release|Any CPU
		{1F3C4171-819A-4B1C-9515-092F32B8813A}.AppStore|iPhone.Build.0 = Release|Any CPU
		{1F3C4171-819A-4B1C-9515-092F32B8813A}.AppStore|iPhoneSimulator.ActiveCfg = Release|Any CPU
		{1F3C4171-819A-4B1C-9515-092F32B8813A}.AppStore|iPhoneSimulator.Build.0 = Release|Any CPU
		{1F3C4171-819A-4B1C-9515-092F32B8813A}.AppStore|x64.ActiveCfg = Release|Any CPU
		{1F3C4171-819A-4B1C-9515-092F32B8813A}.AppStore|x64.Build.0 = Release|Any CPU
		{1F3C4171-819A-4B1C-9515-092F32B8813A}.AppStore|x86.ActiveCfg = Release|Any CPU
		{1F3C4171-819A-4B1C-9515-092F32B8813A}.AppStore|x86.Build.0 = Release|Any CPU
		{1F3C4171-819A-4B1C-9515-092F32B8813A}.Debug|Any CPU.ActiveCfg = Debug|Any CPU
		{1F3C4171-819A-4B1C-9515-092F32B8813A}.Debug|Any CPU.Build.0 = Debug|Any CPU
		{1F3C4171-819A-4B1C-9515-092F32B8813A}.Debug|ARM.ActiveCfg = Debug|Any CPU
		{1F3C4171-819A-4B1C-9515-092F32B8813A}.Debug|ARM.Build.0 = Debug|Any CPU
		{1F3C4171-819A-4B1C-9515-092F32B8813A}.Debug|iPhone.ActiveCfg = Debug|Any CPU
		{1F3C4171-819A-4B1C-9515-092F32B8813A}.Debug|iPhone.Build.0 = Debug|Any CPU
		{1F3C4171-819A-4B1C-9515-092F32B8813A}.Debug|iPhoneSimulator.ActiveCfg = Debug|Any CPU
		{1F3C4171-819A-4B1C-9515-092F32B8813A}.Debug|iPhoneSimulator.Build.0 = Debug|Any CPU
		{1F3C4171-819A-4B1C-9515-092F32B8813A}.Debug|x64.ActiveCfg = Debug|Any CPU
		{1F3C4171-819A-4B1C-9515-092F32B8813A}.Debug|x64.Build.0 = Debug|Any CPU
		{1F3C4171-819A-4B1C-9515-092F32B8813A}.Debug|x86.ActiveCfg = Debug|Any CPU
		{1F3C4171-819A-4B1C-9515-092F32B8813A}.Debug|x86.Build.0 = Debug|Any CPU
		{1F3C4171-819A-4B1C-9515-092F32B8813A}.Release|Any CPU.ActiveCfg = Release|Any CPU
		{1F3C4171-819A-4B1C-9515-092F32B8813A}.Release|Any CPU.Build.0 = Release|Any CPU
		{1F3C4171-819A-4B1C-9515-092F32B8813A}.Release|ARM.ActiveCfg = Release|Any CPU
		{1F3C4171-819A-4B1C-9515-092F32B8813A}.Release|ARM.Build.0 = Release|Any CPU
		{1F3C4171-819A-4B1C-9515-092F32B8813A}.Release|iPhone.ActiveCfg = Release|Any CPU
		{1F3C4171-819A-4B1C-9515-092F32B8813A}.Release|iPhone.Build.0 = Release|Any CPU
		{1F3C4171-819A-4B1C-9515-092F32B8813A}.Release|iPhoneSimulator.ActiveCfg = Release|Any CPU
		{1F3C4171-819A-4B1C-9515-092F32B8813A}.Release|iPhoneSimulator.Build.0 = Release|Any CPU
		{1F3C4171-819A-4B1C-9515-092F32B8813A}.Release|x64.ActiveCfg = Release|Any CPU
		{1F3C4171-819A-4B1C-9515-092F32B8813A}.Release|x64.Build.0 = Release|Any CPU
		{1F3C4171-819A-4B1C-9515-092F32B8813A}.Release|x86.ActiveCfg = Release|Any CPU
		{1F3C4171-819A-4B1C-9515-092F32B8813A}.Release|x86.Build.0 = Release|Any CPU
		{272EEF46-47A2-4236-824B-502BB0381316}.Ad-Hoc|Any CPU.ActiveCfg = Release|Any CPU
		{272EEF46-47A2-4236-824B-502BB0381316}.Ad-Hoc|Any CPU.Build.0 = Release|Any CPU
		{272EEF46-47A2-4236-824B-502BB0381316}.Ad-Hoc|Any CPU.Deploy.0 = Release|Any CPU
		{272EEF46-47A2-4236-824B-502BB0381316}.Ad-Hoc|ARM.ActiveCfg = Release|Any CPU
		{272EEF46-47A2-4236-824B-502BB0381316}.Ad-Hoc|ARM.Build.0 = Release|Any CPU
		{272EEF46-47A2-4236-824B-502BB0381316}.Ad-Hoc|ARM.Deploy.0 = Release|Any CPU
		{272EEF46-47A2-4236-824B-502BB0381316}.Ad-Hoc|iPhone.ActiveCfg = Release|Any CPU
		{272EEF46-47A2-4236-824B-502BB0381316}.Ad-Hoc|iPhone.Build.0 = Release|Any CPU
		{272EEF46-47A2-4236-824B-502BB0381316}.Ad-Hoc|iPhone.Deploy.0 = Release|Any CPU
		{272EEF46-47A2-4236-824B-502BB0381316}.Ad-Hoc|iPhoneSimulator.ActiveCfg = Release|Any CPU
		{272EEF46-47A2-4236-824B-502BB0381316}.Ad-Hoc|iPhoneSimulator.Build.0 = Release|Any CPU
		{272EEF46-47A2-4236-824B-502BB0381316}.Ad-Hoc|iPhoneSimulator.Deploy.0 = Release|Any CPU
		{272EEF46-47A2-4236-824B-502BB0381316}.Ad-Hoc|x64.ActiveCfg = Release|Any CPU
		{272EEF46-47A2-4236-824B-502BB0381316}.Ad-Hoc|x64.Build.0 = Release|Any CPU
		{272EEF46-47A2-4236-824B-502BB0381316}.Ad-Hoc|x64.Deploy.0 = Release|Any CPU
		{272EEF46-47A2-4236-824B-502BB0381316}.Ad-Hoc|x86.ActiveCfg = Release|Any CPU
		{272EEF46-47A2-4236-824B-502BB0381316}.Ad-Hoc|x86.Build.0 = Release|Any CPU
		{272EEF46-47A2-4236-824B-502BB0381316}.Ad-Hoc|x86.Deploy.0 = Release|Any CPU
		{272EEF46-47A2-4236-824B-502BB0381316}.AppStore|Any CPU.ActiveCfg = Release|Any CPU
		{272EEF46-47A2-4236-824B-502BB0381316}.AppStore|Any CPU.Build.0 = Release|Any CPU
		{272EEF46-47A2-4236-824B-502BB0381316}.AppStore|Any CPU.Deploy.0 = Release|Any CPU
		{272EEF46-47A2-4236-824B-502BB0381316}.AppStore|ARM.ActiveCfg = Release|Any CPU
		{272EEF46-47A2-4236-824B-502BB0381316}.AppStore|ARM.Build.0 = Release|Any CPU
		{272EEF46-47A2-4236-824B-502BB0381316}.AppStore|ARM.Deploy.0 = Release|Any CPU
		{272EEF46-47A2-4236-824B-502BB0381316}.AppStore|iPhone.ActiveCfg = Release|Any CPU
		{272EEF46-47A2-4236-824B-502BB0381316}.AppStore|iPhone.Build.0 = Release|Any CPU
		{272EEF46-47A2-4236-824B-502BB0381316}.AppStore|iPhone.Deploy.0 = Release|Any CPU
		{272EEF46-47A2-4236-824B-502BB0381316}.AppStore|iPhoneSimulator.ActiveCfg = Release|Any CPU
		{272EEF46-47A2-4236-824B-502BB0381316}.AppStore|iPhoneSimulator.Build.0 = Release|Any CPU
		{272EEF46-47A2-4236-824B-502BB0381316}.AppStore|iPhoneSimulator.Deploy.0 = Release|Any CPU
		{272EEF46-47A2-4236-824B-502BB0381316}.AppStore|x64.ActiveCfg = Release|Any CPU
		{272EEF46-47A2-4236-824B-502BB0381316}.AppStore|x64.Build.0 = Release|Any CPU
		{272EEF46-47A2-4236-824B-502BB0381316}.AppStore|x64.Deploy.0 = Release|Any CPU
		{272EEF46-47A2-4236-824B-502BB0381316}.AppStore|x86.ActiveCfg = Release|Any CPU
		{272EEF46-47A2-4236-824B-502BB0381316}.AppStore|x86.Build.0 = Release|Any CPU
		{272EEF46-47A2-4236-824B-502BB0381316}.AppStore|x86.Deploy.0 = Release|Any CPU
		{272EEF46-47A2-4236-824B-502BB0381316}.Debug|Any CPU.ActiveCfg = Debug|Any CPU
		{272EEF46-47A2-4236-824B-502BB0381316}.Debug|Any CPU.Build.0 = Debug|Any CPU
		{272EEF46-47A2-4236-824B-502BB0381316}.Debug|Any CPU.Deploy.0 = Debug|Any CPU
		{272EEF46-47A2-4236-824B-502BB0381316}.Debug|ARM.ActiveCfg = Debug|Any CPU
		{272EEF46-47A2-4236-824B-502BB0381316}.Debug|ARM.Build.0 = Debug|Any CPU
		{272EEF46-47A2-4236-824B-502BB0381316}.Debug|ARM.Deploy.0 = Debug|Any CPU
		{272EEF46-47A2-4236-824B-502BB0381316}.Debug|iPhone.ActiveCfg = Debug|Any CPU
		{272EEF46-47A2-4236-824B-502BB0381316}.Debug|iPhone.Build.0 = Debug|Any CPU
		{272EEF46-47A2-4236-824B-502BB0381316}.Debug|iPhone.Deploy.0 = Debug|Any CPU
		{272EEF46-47A2-4236-824B-502BB0381316}.Debug|iPhoneSimulator.ActiveCfg = Debug|Any CPU
		{272EEF46-47A2-4236-824B-502BB0381316}.Debug|iPhoneSimulator.Build.0 = Debug|Any CPU
		{272EEF46-47A2-4236-824B-502BB0381316}.Debug|iPhoneSimulator.Deploy.0 = Debug|Any CPU
		{272EEF46-47A2-4236-824B-502BB0381316}.Debug|x64.ActiveCfg = Debug|Any CPU
		{272EEF46-47A2-4236-824B-502BB0381316}.Debug|x64.Build.0 = Debug|Any CPU
		{272EEF46-47A2-4236-824B-502BB0381316}.Debug|x64.Deploy.0 = Debug|Any CPU
		{272EEF46-47A2-4236-824B-502BB0381316}.Debug|x86.ActiveCfg = Debug|Any CPU
		{272EEF46-47A2-4236-824B-502BB0381316}.Debug|x86.Build.0 = Debug|Any CPU
		{272EEF46-47A2-4236-824B-502BB0381316}.Debug|x86.Deploy.0 = Debug|Any CPU
		{272EEF46-47A2-4236-824B-502BB0381316}.Release|Any CPU.ActiveCfg = Release|Any CPU
		{272EEF46-47A2-4236-824B-502BB0381316}.Release|Any CPU.Build.0 = Release|Any CPU
		{272EEF46-47A2-4236-824B-502BB0381316}.Release|Any CPU.Deploy.0 = Release|Any CPU
		{272EEF46-47A2-4236-824B-502BB0381316}.Release|ARM.ActiveCfg = Release|Any CPU
		{272EEF46-47A2-4236-824B-502BB0381316}.Release|ARM.Build.0 = Release|Any CPU
		{272EEF46-47A2-4236-824B-502BB0381316}.Release|ARM.Deploy.0 = Release|Any CPU
		{272EEF46-47A2-4236-824B-502BB0381316}.Release|iPhone.ActiveCfg = Release|Any CPU
		{272EEF46-47A2-4236-824B-502BB0381316}.Release|iPhone.Build.0 = Release|Any CPU
		{272EEF46-47A2-4236-824B-502BB0381316}.Release|iPhone.Deploy.0 = Release|Any CPU
		{272EEF46-47A2-4236-824B-502BB0381316}.Release|iPhoneSimulator.ActiveCfg = Release|Any CPU
		{272EEF46-47A2-4236-824B-502BB0381316}.Release|iPhoneSimulator.Build.0 = Release|Any CPU
		{272EEF46-47A2-4236-824B-502BB0381316}.Release|iPhoneSimulator.Deploy.0 = Release|Any CPU
		{272EEF46-47A2-4236-824B-502BB0381316}.Release|x64.ActiveCfg = Release|Any CPU
		{272EEF46-47A2-4236-824B-502BB0381316}.Release|x64.Build.0 = Release|Any CPU
		{272EEF46-47A2-4236-824B-502BB0381316}.Release|x64.Deploy.0 = Release|Any CPU
		{272EEF46-47A2-4236-824B-502BB0381316}.Release|x86.ActiveCfg = Release|Any CPU
		{272EEF46-47A2-4236-824B-502BB0381316}.Release|x86.Build.0 = Release|Any CPU
		{272EEF46-47A2-4236-824B-502BB0381316}.Release|x86.Deploy.0 = Release|Any CPU
		{6FCC3A9F-D778-47A3-BFAD-A19D6DA90334}.Ad-Hoc|Any CPU.ActiveCfg = Ad-Hoc|iPhone
		{6FCC3A9F-D778-47A3-BFAD-A19D6DA90334}.Ad-Hoc|ARM.ActiveCfg = Ad-Hoc|iPhone
		{6FCC3A9F-D778-47A3-BFAD-A19D6DA90334}.Ad-Hoc|iPhone.ActiveCfg = Ad-Hoc|iPhone
		{6FCC3A9F-D778-47A3-BFAD-A19D6DA90334}.Ad-Hoc|iPhone.Build.0 = Ad-Hoc|iPhone
		{6FCC3A9F-D778-47A3-BFAD-A19D6DA90334}.Ad-Hoc|iPhoneSimulator.ActiveCfg = Ad-Hoc|iPhoneSimulator
		{6FCC3A9F-D778-47A3-BFAD-A19D6DA90334}.Ad-Hoc|iPhoneSimulator.Build.0 = Ad-Hoc|iPhoneSimulator
		{6FCC3A9F-D778-47A3-BFAD-A19D6DA90334}.Ad-Hoc|x64.ActiveCfg = Ad-Hoc|iPhone
		{6FCC3A9F-D778-47A3-BFAD-A19D6DA90334}.Ad-Hoc|x86.ActiveCfg = Ad-Hoc|iPhone
		{6FCC3A9F-D778-47A3-BFAD-A19D6DA90334}.AppStore|Any CPU.ActiveCfg = AppStore|iPhone
		{6FCC3A9F-D778-47A3-BFAD-A19D6DA90334}.AppStore|ARM.ActiveCfg = AppStore|iPhone
		{6FCC3A9F-D778-47A3-BFAD-A19D6DA90334}.AppStore|iPhone.ActiveCfg = AppStore|iPhone
		{6FCC3A9F-D778-47A3-BFAD-A19D6DA90334}.AppStore|iPhone.Build.0 = AppStore|iPhone
		{6FCC3A9F-D778-47A3-BFAD-A19D6DA90334}.AppStore|iPhoneSimulator.ActiveCfg = AppStore|iPhoneSimulator
		{6FCC3A9F-D778-47A3-BFAD-A19D6DA90334}.AppStore|iPhoneSimulator.Build.0 = AppStore|iPhoneSimulator
		{6FCC3A9F-D778-47A3-BFAD-A19D6DA90334}.AppStore|x64.ActiveCfg = AppStore|iPhone
		{6FCC3A9F-D778-47A3-BFAD-A19D6DA90334}.AppStore|x86.ActiveCfg = AppStore|iPhone
		{6FCC3A9F-D778-47A3-BFAD-A19D6DA90334}.Debug|Any CPU.ActiveCfg = Debug|iPhone
		{6FCC3A9F-D778-47A3-BFAD-A19D6DA90334}.Debug|ARM.ActiveCfg = Debug|iPhone
		{6FCC3A9F-D778-47A3-BFAD-A19D6DA90334}.Debug|iPhone.ActiveCfg = Debug|iPhone
		{6FCC3A9F-D778-47A3-BFAD-A19D6DA90334}.Debug|iPhone.Build.0 = Debug|iPhone
		{6FCC3A9F-D778-47A3-BFAD-A19D6DA90334}.Debug|iPhoneSimulator.ActiveCfg = Debug|iPhoneSimulator
		{6FCC3A9F-D778-47A3-BFAD-A19D6DA90334}.Debug|iPhoneSimulator.Build.0 = Debug|iPhoneSimulator
		{6FCC3A9F-D778-47A3-BFAD-A19D6DA90334}.Debug|x64.ActiveCfg = Debug|iPhone
		{6FCC3A9F-D778-47A3-BFAD-A19D6DA90334}.Debug|x86.ActiveCfg = Debug|iPhone
		{6FCC3A9F-D778-47A3-BFAD-A19D6DA90334}.Release|Any CPU.ActiveCfg = Release|iPhone
		{6FCC3A9F-D778-47A3-BFAD-A19D6DA90334}.Release|ARM.ActiveCfg = Release|iPhone
		{6FCC3A9F-D778-47A3-BFAD-A19D6DA90334}.Release|iPhone.ActiveCfg = Release|iPhone
		{6FCC3A9F-D778-47A3-BFAD-A19D6DA90334}.Release|iPhone.Build.0 = Release|iPhone
		{6FCC3A9F-D778-47A3-BFAD-A19D6DA90334}.Release|iPhoneSimulator.ActiveCfg = Release|iPhoneSimulator
		{6FCC3A9F-D778-47A3-BFAD-A19D6DA90334}.Release|iPhoneSimulator.Build.0 = Release|iPhoneSimulator
		{6FCC3A9F-D778-47A3-BFAD-A19D6DA90334}.Release|x64.ActiveCfg = Release|iPhone
		{6FCC3A9F-D778-47A3-BFAD-A19D6DA90334}.Release|x86.ActiveCfg = Release|iPhone
		{F942E923-D769-46DB-8D08-22DFEE9B1AC0}.Ad-Hoc|Any CPU.ActiveCfg = Release|Any CPU
		{F942E923-D769-46DB-8D08-22DFEE9B1AC0}.Ad-Hoc|Any CPU.Build.0 = Release|Any CPU
		{F942E923-D769-46DB-8D08-22DFEE9B1AC0}.Ad-Hoc|Any CPU.Deploy.0 = Release|Any CPU
		{F942E923-D769-46DB-8D08-22DFEE9B1AC0}.Ad-Hoc|ARM.ActiveCfg = Release|ARM
		{F942E923-D769-46DB-8D08-22DFEE9B1AC0}.Ad-Hoc|ARM.Build.0 = Release|ARM
		{F942E923-D769-46DB-8D08-22DFEE9B1AC0}.Ad-Hoc|ARM.Deploy.0 = Release|ARM
		{F942E923-D769-46DB-8D08-22DFEE9B1AC0}.Ad-Hoc|iPhone.ActiveCfg = Release|Any CPU
		{F942E923-D769-46DB-8D08-22DFEE9B1AC0}.Ad-Hoc|iPhone.Build.0 = Release|Any CPU
		{F942E923-D769-46DB-8D08-22DFEE9B1AC0}.Ad-Hoc|iPhone.Deploy.0 = Release|Any CPU
		{F942E923-D769-46DB-8D08-22DFEE9B1AC0}.Ad-Hoc|iPhoneSimulator.ActiveCfg = Release|Any CPU
		{F942E923-D769-46DB-8D08-22DFEE9B1AC0}.Ad-Hoc|iPhoneSimulator.Build.0 = Release|Any CPU
		{F942E923-D769-46DB-8D08-22DFEE9B1AC0}.Ad-Hoc|iPhoneSimulator.Deploy.0 = Release|Any CPU
		{F942E923-D769-46DB-8D08-22DFEE9B1AC0}.Ad-Hoc|x64.ActiveCfg = Release|Any CPU
		{F942E923-D769-46DB-8D08-22DFEE9B1AC0}.Ad-Hoc|x64.Build.0 = Release|Any CPU
		{F942E923-D769-46DB-8D08-22DFEE9B1AC0}.Ad-Hoc|x64.Deploy.0 = Release|Any CPU
		{F942E923-D769-46DB-8D08-22DFEE9B1AC0}.Ad-Hoc|x86.ActiveCfg = Release|x86
		{F942E923-D769-46DB-8D08-22DFEE9B1AC0}.Ad-Hoc|x86.Build.0 = Release|x86
		{F942E923-D769-46DB-8D08-22DFEE9B1AC0}.Ad-Hoc|x86.Deploy.0 = Release|x86
		{F942E923-D769-46DB-8D08-22DFEE9B1AC0}.AppStore|Any CPU.ActiveCfg = Release|Any CPU
		{F942E923-D769-46DB-8D08-22DFEE9B1AC0}.AppStore|Any CPU.Build.0 = Release|Any CPU
		{F942E923-D769-46DB-8D08-22DFEE9B1AC0}.AppStore|Any CPU.Deploy.0 = Release|Any CPU
		{F942E923-D769-46DB-8D08-22DFEE9B1AC0}.AppStore|ARM.ActiveCfg = Release|ARM
		{F942E923-D769-46DB-8D08-22DFEE9B1AC0}.AppStore|ARM.Build.0 = Release|ARM
		{F942E923-D769-46DB-8D08-22DFEE9B1AC0}.AppStore|ARM.Deploy.0 = Release|ARM
		{F942E923-D769-46DB-8D08-22DFEE9B1AC0}.AppStore|iPhone.ActiveCfg = Release|Any CPU
		{F942E923-D769-46DB-8D08-22DFEE9B1AC0}.AppStore|iPhone.Build.0 = Release|Any CPU
		{F942E923-D769-46DB-8D08-22DFEE9B1AC0}.AppStore|iPhone.Deploy.0 = Release|Any CPU
		{F942E923-D769-46DB-8D08-22DFEE9B1AC0}.AppStore|iPhoneSimulator.ActiveCfg = Release|Any CPU
		{F942E923-D769-46DB-8D08-22DFEE9B1AC0}.AppStore|iPhoneSimulator.Build.0 = Release|Any CPU
		{F942E923-D769-46DB-8D08-22DFEE9B1AC0}.AppStore|iPhoneSimulator.Deploy.0 = Release|Any CPU
		{F942E923-D769-46DB-8D08-22DFEE9B1AC0}.AppStore|x64.ActiveCfg = Release|Any CPU
		{F942E923-D769-46DB-8D08-22DFEE9B1AC0}.AppStore|x64.Build.0 = Release|Any CPU
		{F942E923-D769-46DB-8D08-22DFEE9B1AC0}.AppStore|x64.Deploy.0 = Release|Any CPU
		{F942E923-D769-46DB-8D08-22DFEE9B1AC0}.AppStore|x86.ActiveCfg = Release|x86
		{F942E923-D769-46DB-8D08-22DFEE9B1AC0}.AppStore|x86.Build.0 = Release|x86
		{F942E923-D769-46DB-8D08-22DFEE9B1AC0}.AppStore|x86.Deploy.0 = Release|x86
		{F942E923-D769-46DB-8D08-22DFEE9B1AC0}.Debug|Any CPU.ActiveCfg = Debug|Any CPU
		{F942E923-D769-46DB-8D08-22DFEE9B1AC0}.Debug|Any CPU.Build.0 = Debug|Any CPU
		{F942E923-D769-46DB-8D08-22DFEE9B1AC0}.Debug|Any CPU.Deploy.0 = Debug|Any CPU
		{F942E923-D769-46DB-8D08-22DFEE9B1AC0}.Debug|ARM.ActiveCfg = Debug|ARM
		{F942E923-D769-46DB-8D08-22DFEE9B1AC0}.Debug|ARM.Build.0 = Debug|ARM
		{F942E923-D769-46DB-8D08-22DFEE9B1AC0}.Debug|ARM.Deploy.0 = Debug|ARM
		{F942E923-D769-46DB-8D08-22DFEE9B1AC0}.Debug|iPhone.ActiveCfg = Debug|Any CPU
		{F942E923-D769-46DB-8D08-22DFEE9B1AC0}.Debug|iPhone.Build.0 = Debug|Any CPU
		{F942E923-D769-46DB-8D08-22DFEE9B1AC0}.Debug|iPhone.Deploy.0 = Debug|Any CPU
		{F942E923-D769-46DB-8D08-22DFEE9B1AC0}.Debug|iPhoneSimulator.ActiveCfg = Debug|Any CPU
		{F942E923-D769-46DB-8D08-22DFEE9B1AC0}.Debug|iPhoneSimulator.Build.0 = Debug|Any CPU
		{F942E923-D769-46DB-8D08-22DFEE9B1AC0}.Debug|iPhoneSimulator.Deploy.0 = Debug|Any CPU
		{F942E923-D769-46DB-8D08-22DFEE9B1AC0}.Debug|x64.ActiveCfg = Debug|Any CPU
		{F942E923-D769-46DB-8D08-22DFEE9B1AC0}.Debug|x64.Build.0 = Debug|Any CPU
		{F942E923-D769-46DB-8D08-22DFEE9B1AC0}.Debug|x64.Deploy.0 = Debug|Any CPU
		{F942E923-D769-46DB-8D08-22DFEE9B1AC0}.Debug|x86.ActiveCfg = Debug|x86
		{F942E923-D769-46DB-8D08-22DFEE9B1AC0}.Debug|x86.Build.0 = Debug|x86
		{F942E923-D769-46DB-8D08-22DFEE9B1AC0}.Debug|x86.Deploy.0 = Debug|x86
		{F942E923-D769-46DB-8D08-22DFEE9B1AC0}.Release|Any CPU.ActiveCfg = Release|Any CPU
		{F942E923-D769-46DB-8D08-22DFEE9B1AC0}.Release|Any CPU.Build.0 = Release|Any CPU
		{F942E923-D769-46DB-8D08-22DFEE9B1AC0}.Release|Any CPU.Deploy.0 = Release|Any CPU
		{F942E923-D769-46DB-8D08-22DFEE9B1AC0}.Release|ARM.ActiveCfg = Release|ARM
		{F942E923-D769-46DB-8D08-22DFEE9B1AC0}.Release|ARM.Build.0 = Release|ARM
		{F942E923-D769-46DB-8D08-22DFEE9B1AC0}.Release|ARM.Deploy.0 = Release|ARM
		{F942E923-D769-46DB-8D08-22DFEE9B1AC0}.Release|iPhone.ActiveCfg = Release|Any CPU
		{F942E923-D769-46DB-8D08-22DFEE9B1AC0}.Release|iPhone.Build.0 = Release|Any CPU
		{F942E923-D769-46DB-8D08-22DFEE9B1AC0}.Release|iPhone.Deploy.0 = Release|Any CPU
		{F942E923-D769-46DB-8D08-22DFEE9B1AC0}.Release|iPhoneSimulator.ActiveCfg = Release|Any CPU
		{F942E923-D769-46DB-8D08-22DFEE9B1AC0}.Release|iPhoneSimulator.Build.0 = Release|Any CPU
		{F942E923-D769-46DB-8D08-22DFEE9B1AC0}.Release|iPhoneSimulator.Deploy.0 = Release|Any CPU
		{F942E923-D769-46DB-8D08-22DFEE9B1AC0}.Release|x64.ActiveCfg = Release|Any CPU
		{F942E923-D769-46DB-8D08-22DFEE9B1AC0}.Release|x64.Build.0 = Release|Any CPU
		{F942E923-D769-46DB-8D08-22DFEE9B1AC0}.Release|x64.Deploy.0 = Release|Any CPU
		{F942E923-D769-46DB-8D08-22DFEE9B1AC0}.Release|x86.ActiveCfg = Release|x86
		{F942E923-D769-46DB-8D08-22DFEE9B1AC0}.Release|x86.Build.0 = Release|x86
		{F942E923-D769-46DB-8D08-22DFEE9B1AC0}.Release|x86.Deploy.0 = Release|x86
		{F3C7FEB6-319A-497E-B1F6-8EF095F59BFF}.Ad-Hoc|Any CPU.ActiveCfg = Release|x86
		{F3C7FEB6-319A-497E-B1F6-8EF095F59BFF}.Ad-Hoc|Any CPU.Build.0 = Release|x86
		{F3C7FEB6-319A-497E-B1F6-8EF095F59BFF}.Ad-Hoc|Any CPU.Deploy.0 = Release|x86
		{F3C7FEB6-319A-497E-B1F6-8EF095F59BFF}.Ad-Hoc|ARM.ActiveCfg = Release|ARM
		{F3C7FEB6-319A-497E-B1F6-8EF095F59BFF}.Ad-Hoc|ARM.Build.0 = Release|ARM
		{F3C7FEB6-319A-497E-B1F6-8EF095F59BFF}.Ad-Hoc|ARM.Deploy.0 = Release|ARM
		{F3C7FEB6-319A-497E-B1F6-8EF095F59BFF}.Ad-Hoc|iPhone.ActiveCfg = Release|x86
		{F3C7FEB6-319A-497E-B1F6-8EF095F59BFF}.Ad-Hoc|iPhone.Build.0 = Release|x86
		{F3C7FEB6-319A-497E-B1F6-8EF095F59BFF}.Ad-Hoc|iPhone.Deploy.0 = Release|x86
		{F3C7FEB6-319A-497E-B1F6-8EF095F59BFF}.Ad-Hoc|iPhoneSimulator.ActiveCfg = Release|x86
		{F3C7FEB6-319A-497E-B1F6-8EF095F59BFF}.Ad-Hoc|iPhoneSimulator.Build.0 = Release|x86
		{F3C7FEB6-319A-497E-B1F6-8EF095F59BFF}.Ad-Hoc|iPhoneSimulator.Deploy.0 = Release|x86
		{F3C7FEB6-319A-497E-B1F6-8EF095F59BFF}.Ad-Hoc|x64.ActiveCfg = Release|x64
		{F3C7FEB6-319A-497E-B1F6-8EF095F59BFF}.Ad-Hoc|x64.Build.0 = Release|x64
		{F3C7FEB6-319A-497E-B1F6-8EF095F59BFF}.Ad-Hoc|x64.Deploy.0 = Release|x64
		{F3C7FEB6-319A-497E-B1F6-8EF095F59BFF}.Ad-Hoc|x86.ActiveCfg = Release|x86
		{F3C7FEB6-319A-497E-B1F6-8EF095F59BFF}.Ad-Hoc|x86.Build.0 = Release|x86
		{F3C7FEB6-319A-497E-B1F6-8EF095F59BFF}.Ad-Hoc|x86.Deploy.0 = Release|x86
		{F3C7FEB6-319A-497E-B1F6-8EF095F59BFF}.AppStore|Any CPU.ActiveCfg = Release|x86
		{F3C7FEB6-319A-497E-B1F6-8EF095F59BFF}.AppStore|Any CPU.Build.0 = Release|x86
		{F3C7FEB6-319A-497E-B1F6-8EF095F59BFF}.AppStore|Any CPU.Deploy.0 = Release|x86
		{F3C7FEB6-319A-497E-B1F6-8EF095F59BFF}.AppStore|ARM.ActiveCfg = Release|ARM
		{F3C7FEB6-319A-497E-B1F6-8EF095F59BFF}.AppStore|ARM.Build.0 = Release|ARM
		{F3C7FEB6-319A-497E-B1F6-8EF095F59BFF}.AppStore|ARM.Deploy.0 = Release|ARM
		{F3C7FEB6-319A-497E-B1F6-8EF095F59BFF}.AppStore|iPhone.ActiveCfg = Release|x86
		{F3C7FEB6-319A-497E-B1F6-8EF095F59BFF}.AppStore|iPhone.Build.0 = Release|x86
		{F3C7FEB6-319A-497E-B1F6-8EF095F59BFF}.AppStore|iPhone.Deploy.0 = Release|x86
		{F3C7FEB6-319A-497E-B1F6-8EF095F59BFF}.AppStore|iPhoneSimulator.ActiveCfg = Release|x86
		{F3C7FEB6-319A-497E-B1F6-8EF095F59BFF}.AppStore|iPhoneSimulator.Build.0 = Release|x86
		{F3C7FEB6-319A-497E-B1F6-8EF095F59BFF}.AppStore|iPhoneSimulator.Deploy.0 = Release|x86
		{F3C7FEB6-319A-497E-B1F6-8EF095F59BFF}.AppStore|x64.ActiveCfg = Release|x64
		{F3C7FEB6-319A-497E-B1F6-8EF095F59BFF}.AppStore|x64.Build.0 = Release|x64
		{F3C7FEB6-319A-497E-B1F6-8EF095F59BFF}.AppStore|x64.Deploy.0 = Release|x64
		{F3C7FEB6-319A-497E-B1F6-8EF095F59BFF}.AppStore|x86.ActiveCfg = Release|x86
		{F3C7FEB6-319A-497E-B1F6-8EF095F59BFF}.AppStore|x86.Build.0 = Release|x86
		{F3C7FEB6-319A-497E-B1F6-8EF095F59BFF}.AppStore|x86.Deploy.0 = Release|x86
		{F3C7FEB6-319A-497E-B1F6-8EF095F59BFF}.Debug|Any CPU.ActiveCfg = Debug|x86
		{F3C7FEB6-319A-497E-B1F6-8EF095F59BFF}.Debug|ARM.ActiveCfg = Debug|ARM
		{F3C7FEB6-319A-497E-B1F6-8EF095F59BFF}.Debug|ARM.Build.0 = Debug|ARM
		{F3C7FEB6-319A-497E-B1F6-8EF095F59BFF}.Debug|ARM.Deploy.0 = Debug|ARM
		{F3C7FEB6-319A-497E-B1F6-8EF095F59BFF}.Debug|iPhone.ActiveCfg = Debug|x86
		{F3C7FEB6-319A-497E-B1F6-8EF095F59BFF}.Debug|iPhoneSimulator.ActiveCfg = Debug|x86
		{F3C7FEB6-319A-497E-B1F6-8EF095F59BFF}.Debug|x64.ActiveCfg = Debug|x64
		{F3C7FEB6-319A-497E-B1F6-8EF095F59BFF}.Debug|x64.Build.0 = Debug|x64
		{F3C7FEB6-319A-497E-B1F6-8EF095F59BFF}.Debug|x64.Deploy.0 = Debug|x64
		{F3C7FEB6-319A-497E-B1F6-8EF095F59BFF}.Debug|x86.ActiveCfg = Debug|x86
		{F3C7FEB6-319A-497E-B1F6-8EF095F59BFF}.Debug|x86.Build.0 = Debug|x86
		{F3C7FEB6-319A-497E-B1F6-8EF095F59BFF}.Debug|x86.Deploy.0 = Debug|x86
		{F3C7FEB6-319A-497E-B1F6-8EF095F59BFF}.Release|Any CPU.ActiveCfg = Release|x86
		{F3C7FEB6-319A-497E-B1F6-8EF095F59BFF}.Release|ARM.ActiveCfg = Release|ARM
		{F3C7FEB6-319A-497E-B1F6-8EF095F59BFF}.Release|ARM.Build.0 = Release|ARM
		{F3C7FEB6-319A-497E-B1F6-8EF095F59BFF}.Release|ARM.Deploy.0 = Release|ARM
		{F3C7FEB6-319A-497E-B1F6-8EF095F59BFF}.Release|iPhone.ActiveCfg = Release|x86
		{F3C7FEB6-319A-497E-B1F6-8EF095F59BFF}.Release|iPhoneSimulator.ActiveCfg = Release|x86
		{F3C7FEB6-319A-497E-B1F6-8EF095F59BFF}.Release|x64.ActiveCfg = Release|x64
		{F3C7FEB6-319A-497E-B1F6-8EF095F59BFF}.Release|x64.Build.0 = Release|x64
		{F3C7FEB6-319A-497E-B1F6-8EF095F59BFF}.Release|x64.Deploy.0 = Release|x64
		{F3C7FEB6-319A-497E-B1F6-8EF095F59BFF}.Release|x86.ActiveCfg = Release|x86
		{F3C7FEB6-319A-497E-B1F6-8EF095F59BFF}.Release|x86.Build.0 = Release|x86
		{F3C7FEB6-319A-497E-B1F6-8EF095F59BFF}.Release|x86.Deploy.0 = Release|x86
		{FE4BA3CC-C5DB-4D93-8F28-49FCB0BC6968}.Ad-Hoc|Any CPU.ActiveCfg = Release|Any CPU
		{FE4BA3CC-C5DB-4D93-8F28-49FCB0BC6968}.Ad-Hoc|Any CPU.Build.0 = Release|Any CPU
		{FE4BA3CC-C5DB-4D93-8F28-49FCB0BC6968}.Ad-Hoc|Any CPU.Deploy.0 = Release|Any CPU
		{FE4BA3CC-C5DB-4D93-8F28-49FCB0BC6968}.Ad-Hoc|ARM.ActiveCfg = Release|ARM
		{FE4BA3CC-C5DB-4D93-8F28-49FCB0BC6968}.Ad-Hoc|ARM.Build.0 = Release|ARM
		{FE4BA3CC-C5DB-4D93-8F28-49FCB0BC6968}.Ad-Hoc|ARM.Deploy.0 = Release|ARM
		{FE4BA3CC-C5DB-4D93-8F28-49FCB0BC6968}.Ad-Hoc|iPhone.ActiveCfg = Release|Any CPU
		{FE4BA3CC-C5DB-4D93-8F28-49FCB0BC6968}.Ad-Hoc|iPhone.Build.0 = Release|Any CPU
		{FE4BA3CC-C5DB-4D93-8F28-49FCB0BC6968}.Ad-Hoc|iPhone.Deploy.0 = Release|Any CPU
		{FE4BA3CC-C5DB-4D93-8F28-49FCB0BC6968}.Ad-Hoc|iPhoneSimulator.ActiveCfg = Release|Any CPU
		{FE4BA3CC-C5DB-4D93-8F28-49FCB0BC6968}.Ad-Hoc|iPhoneSimulator.Build.0 = Release|Any CPU
		{FE4BA3CC-C5DB-4D93-8F28-49FCB0BC6968}.Ad-Hoc|iPhoneSimulator.Deploy.0 = Release|Any CPU
		{FE4BA3CC-C5DB-4D93-8F28-49FCB0BC6968}.Ad-Hoc|x64.ActiveCfg = Release|x64
		{FE4BA3CC-C5DB-4D93-8F28-49FCB0BC6968}.Ad-Hoc|x64.Build.0 = Release|x64
		{FE4BA3CC-C5DB-4D93-8F28-49FCB0BC6968}.Ad-Hoc|x64.Deploy.0 = Release|x64
		{FE4BA3CC-C5DB-4D93-8F28-49FCB0BC6968}.Ad-Hoc|x86.ActiveCfg = Release|x86
		{FE4BA3CC-C5DB-4D93-8F28-49FCB0BC6968}.Ad-Hoc|x86.Build.0 = Release|x86
		{FE4BA3CC-C5DB-4D93-8F28-49FCB0BC6968}.Ad-Hoc|x86.Deploy.0 = Release|x86
		{FE4BA3CC-C5DB-4D93-8F28-49FCB0BC6968}.AppStore|Any CPU.ActiveCfg = Release|Any CPU
		{FE4BA3CC-C5DB-4D93-8F28-49FCB0BC6968}.AppStore|Any CPU.Build.0 = Release|Any CPU
		{FE4BA3CC-C5DB-4D93-8F28-49FCB0BC6968}.AppStore|Any CPU.Deploy.0 = Release|Any CPU
		{FE4BA3CC-C5DB-4D93-8F28-49FCB0BC6968}.AppStore|ARM.ActiveCfg = Release|ARM
		{FE4BA3CC-C5DB-4D93-8F28-49FCB0BC6968}.AppStore|ARM.Build.0 = Release|ARM
		{FE4BA3CC-C5DB-4D93-8F28-49FCB0BC6968}.AppStore|ARM.Deploy.0 = Release|ARM
		{FE4BA3CC-C5DB-4D93-8F28-49FCB0BC6968}.AppStore|iPhone.ActiveCfg = Release|Any CPU
		{FE4BA3CC-C5DB-4D93-8F28-49FCB0BC6968}.AppStore|iPhone.Build.0 = Release|Any CPU
		{FE4BA3CC-C5DB-4D93-8F28-49FCB0BC6968}.AppStore|iPhone.Deploy.0 = Release|Any CPU
		{FE4BA3CC-C5DB-4D93-8F28-49FCB0BC6968}.AppStore|iPhoneSimulator.ActiveCfg = Release|Any CPU
		{FE4BA3CC-C5DB-4D93-8F28-49FCB0BC6968}.AppStore|iPhoneSimulator.Build.0 = Release|Any CPU
		{FE4BA3CC-C5DB-4D93-8F28-49FCB0BC6968}.AppStore|iPhoneSimulator.Deploy.0 = Release|Any CPU
		{FE4BA3CC-C5DB-4D93-8F28-49FCB0BC6968}.AppStore|x64.ActiveCfg = Release|x64
		{FE4BA3CC-C5DB-4D93-8F28-49FCB0BC6968}.AppStore|x64.Build.0 = Release|x64
		{FE4BA3CC-C5DB-4D93-8F28-49FCB0BC6968}.AppStore|x64.Deploy.0 = Release|x64
		{FE4BA3CC-C5DB-4D93-8F28-49FCB0BC6968}.AppStore|x86.ActiveCfg = Release|x86
		{FE4BA3CC-C5DB-4D93-8F28-49FCB0BC6968}.AppStore|x86.Build.0 = Release|x86
		{FE4BA3CC-C5DB-4D93-8F28-49FCB0BC6968}.AppStore|x86.Deploy.0 = Release|x86
		{FE4BA3CC-C5DB-4D93-8F28-49FCB0BC6968}.Debug|Any CPU.ActiveCfg = Debug|Any CPU
		{FE4BA3CC-C5DB-4D93-8F28-49FCB0BC6968}.Debug|Any CPU.Build.0 = Debug|Any CPU
		{FE4BA3CC-C5DB-4D93-8F28-49FCB0BC6968}.Debug|Any CPU.Deploy.0 = Debug|Any CPU
		{FE4BA3CC-C5DB-4D93-8F28-49FCB0BC6968}.Debug|ARM.ActiveCfg = Debug|ARM
		{FE4BA3CC-C5DB-4D93-8F28-49FCB0BC6968}.Debug|ARM.Build.0 = Debug|ARM
		{FE4BA3CC-C5DB-4D93-8F28-49FCB0BC6968}.Debug|ARM.Deploy.0 = Debug|ARM
		{FE4BA3CC-C5DB-4D93-8F28-49FCB0BC6968}.Debug|iPhone.ActiveCfg = Debug|Any CPU
		{FE4BA3CC-C5DB-4D93-8F28-49FCB0BC6968}.Debug|iPhone.Build.0 = Debug|Any CPU
		{FE4BA3CC-C5DB-4D93-8F28-49FCB0BC6968}.Debug|iPhone.Deploy.0 = Debug|Any CPU
		{FE4BA3CC-C5DB-4D93-8F28-49FCB0BC6968}.Debug|iPhoneSimulator.ActiveCfg = Debug|Any CPU
		{FE4BA3CC-C5DB-4D93-8F28-49FCB0BC6968}.Debug|iPhoneSimulator.Build.0 = Debug|Any CPU
		{FE4BA3CC-C5DB-4D93-8F28-49FCB0BC6968}.Debug|iPhoneSimulator.Deploy.0 = Debug|Any CPU
		{FE4BA3CC-C5DB-4D93-8F28-49FCB0BC6968}.Debug|x64.ActiveCfg = Debug|x64
		{FE4BA3CC-C5DB-4D93-8F28-49FCB0BC6968}.Debug|x64.Build.0 = Debug|x64
		{FE4BA3CC-C5DB-4D93-8F28-49FCB0BC6968}.Debug|x64.Deploy.0 = Debug|x64
		{FE4BA3CC-C5DB-4D93-8F28-49FCB0BC6968}.Debug|x86.ActiveCfg = Debug|x86
		{FE4BA3CC-C5DB-4D93-8F28-49FCB0BC6968}.Debug|x86.Build.0 = Debug|x86
		{FE4BA3CC-C5DB-4D93-8F28-49FCB0BC6968}.Debug|x86.Deploy.0 = Debug|x86
		{FE4BA3CC-C5DB-4D93-8F28-49FCB0BC6968}.Release|Any CPU.ActiveCfg = Release|Any CPU
		{FE4BA3CC-C5DB-4D93-8F28-49FCB0BC6968}.Release|Any CPU.Build.0 = Release|Any CPU
		{FE4BA3CC-C5DB-4D93-8F28-49FCB0BC6968}.Release|Any CPU.Deploy.0 = Release|Any CPU
		{FE4BA3CC-C5DB-4D93-8F28-49FCB0BC6968}.Release|ARM.ActiveCfg = Release|ARM
		{FE4BA3CC-C5DB-4D93-8F28-49FCB0BC6968}.Release|ARM.Build.0 = Release|ARM
		{FE4BA3CC-C5DB-4D93-8F28-49FCB0BC6968}.Release|ARM.Deploy.0 = Release|ARM
		{FE4BA3CC-C5DB-4D93-8F28-49FCB0BC6968}.Release|iPhone.ActiveCfg = Release|Any CPU
		{FE4BA3CC-C5DB-4D93-8F28-49FCB0BC6968}.Release|iPhone.Build.0 = Release|Any CPU
		{FE4BA3CC-C5DB-4D93-8F28-49FCB0BC6968}.Release|iPhone.Deploy.0 = Release|Any CPU
		{FE4BA3CC-C5DB-4D93-8F28-49FCB0BC6968}.Release|iPhoneSimulator.ActiveCfg = Release|Any CPU
		{FE4BA3CC-C5DB-4D93-8F28-49FCB0BC6968}.Release|iPhoneSimulator.Build.0 = Release|Any CPU
		{FE4BA3CC-C5DB-4D93-8F28-49FCB0BC6968}.Release|iPhoneSimulator.Deploy.0 = Release|Any CPU
		{FE4BA3CC-C5DB-4D93-8F28-49FCB0BC6968}.Release|x64.ActiveCfg = Release|x64
		{FE4BA3CC-C5DB-4D93-8F28-49FCB0BC6968}.Release|x64.Build.0 = Release|x64
		{FE4BA3CC-C5DB-4D93-8F28-49FCB0BC6968}.Release|x64.Deploy.0 = Release|x64
		{FE4BA3CC-C5DB-4D93-8F28-49FCB0BC6968}.Release|x86.ActiveCfg = Release|x86
		{FE4BA3CC-C5DB-4D93-8F28-49FCB0BC6968}.Release|x86.Build.0 = Release|x86
		{FE4BA3CC-C5DB-4D93-8F28-49FCB0BC6968}.Release|x86.Deploy.0 = Release|x86
	EndGlobalSection
	GlobalSection(SolutionProperties) = preSolution
		HideSolutionNode = FALSE
	EndGlobalSection
EndGlobal
